
Microsoft Visual Studio Solution File, Format Version 12.00
# Visual Studio Version 16
VisualStudioVersion = 16.0.30804.86
MinimumVisualStudioVersion = 15.0.26124.0
Project("{9A19103F-16F7-4668-BE54-9A1E7A4F7556}") = "LuvItCatalog", "Catalogo\LuvItCatalog.csproj", "{C2C4AE19-C95A-4CC5-A291-43E13E829ABC}"
EndProject
Project("{9A19103F-16F7-4668-BE54-9A1E7A4F7556}") = "LuvItServiceGateway", "Gateway\LuvItServiceGateway.csproj", "{300FB415-39EA-4E47-AE5E-9D556357FA61}"
EndProject
Project("{9A19103F-16F7-4668-BE54-9A1E7A4F7556}") = "LuvItOrder", "Pedido\LuvItOrder.csproj", "{A391EC61-DEDB-4E37-B964-FCD7F281FF2E}"
EndProject
Project("{2150E333-8FDC-42A3-9474-1A3956D46DE8}") = "Services", "Services", "{10096C2F-3274-4DE2-8BB4-387D67A7C0BE}"
EndProject
Project("{2150E333-8FDC-42A3-9474-1A3956D46DE8}") = "Web", "Web", "{6C34476E-178F-44F8-A791-F67E8F77F120}"
EndProject
Project("{2150E333-8FDC-42A3-9474-1A3956D46DE8}") = "Data", "Data", "{79F5A117-6927-4681-820D-935F3DB4FA4B}"
EndProject
Project("{9A19103F-16F7-4668-BE54-9A1E7A4F7556}") = "LuvitModel", "CatalogoEntity\LuvitModel.csproj", "{9F3F9F76-4B8F-4FEB-B86D-A8AB14658B87}"
EndProject
Project("{9A19103F-16F7-4668-BE54-9A1E7A4F7556}") = "LuvitRepository", "LuvitRepository\LuvitRepository.csproj", "{83C36004-5D21-494D-BB25-10D2CB642FEE}"
EndProject
Global
	GlobalSection(SolutionConfigurationPlatforms) = preSolution
		Debug|Any CPU = Debug|Any CPU
		Debug|x64 = Debug|x64
		Debug|x86 = Debug|x86
		Release|Any CPU = Release|Any CPU
		Release|x64 = Release|x64
		Release|x86 = Release|x86
	EndGlobalSection
	GlobalSection(ProjectConfigurationPlatforms) = postSolution
		{C2C4AE19-C95A-4CC5-A291-43E13E829ABC}.Debug|Any CPU.ActiveCfg = Debug|Any CPU
		{C2C4AE19-C95A-4CC5-A291-43E13E829ABC}.Debug|Any CPU.Build.0 = Debug|Any CPU
		{C2C4AE19-C95A-4CC5-A291-43E13E829ABC}.Debug|x64.ActiveCfg = Debug|Any CPU
		{C2C4AE19-C95A-4CC5-A291-43E13E829ABC}.Debug|x64.Build.0 = Debug|Any CPU
		{C2C4AE19-C95A-4CC5-A291-43E13E829ABC}.Debug|x86.ActiveCfg = Debug|Any CPU
		{C2C4AE19-C95A-4CC5-A291-43E13E829ABC}.Debug|x86.Build.0 = Debug|Any CPU
		{C2C4AE19-C95A-4CC5-A291-43E13E829ABC}.Release|Any CPU.ActiveCfg = Release|Any CPU
		{C2C4AE19-C95A-4CC5-A291-43E13E829ABC}.Release|Any CPU.Build.0 = Release|Any CPU
		{C2C4AE19-C95A-4CC5-A291-43E13E829ABC}.Release|x64.ActiveCfg = Release|Any CPU
		{C2C4AE19-C95A-4CC5-A291-43E13E829ABC}.Release|x64.Build.0 = Release|Any CPU
		{C2C4AE19-C95A-4CC5-A291-43E13E829ABC}.Release|x86.ActiveCfg = Release|Any CPU
		{C2C4AE19-C95A-4CC5-A291-43E13E829ABC}.Release|x86.Build.0 = Release|Any CPU
		{300FB415-39EA-4E47-AE5E-9D556357FA61}.Debug|Any CPU.ActiveCfg = Debug|Any CPU
		{300FB415-39EA-4E47-AE5E-9D556357FA61}.Debug|Any CPU.Build.0 = Debug|Any CPU
		{300FB415-39EA-4E47-AE5E-9D556357FA61}.Debug|x64.ActiveCfg = Debug|Any CPU
		{300FB415-39EA-4E47-AE5E-9D556357FA61}.Debug|x64.Build.0 = Debug|Any CPU
		{300FB415-39EA-4E47-AE5E-9D556357FA61}.Debug|x86.ActiveCfg = Debug|Any CPU
		{300FB415-39EA-4E47-AE5E-9D556357FA61}.Debug|x86.Build.0 = Debug|Any CPU
		{300FB415-39EA-4E47-AE5E-9D556357FA61}.Release|Any CPU.ActiveCfg = Release|Any CPU
		{300FB415-39EA-4E47-AE5E-9D556357FA61}.Release|Any CPU.Build.0 = Release|Any CPU
		{300FB415-39EA-4E47-AE5E-9D556357FA61}.Release|x64.ActiveCfg = Release|Any CPU
		{300FB415-39EA-4E47-AE5E-9D556357FA61}.Release|x64.Build.0 = Release|Any CPU
		{300FB415-39EA-4E47-AE5E-9D556357FA61}.Release|x86.ActiveCfg = Release|Any CPU
		{300FB415-39EA-4E47-AE5E-9D556357FA61}.Release|x86.Build.0 = Release|Any CPU
		{A391EC61-DEDB-4E37-B964-FCD7F281FF2E}.Debug|Any CPU.ActiveCfg = Debug|Any CPU
		{A391EC61-DEDB-4E37-B964-FCD7F281FF2E}.Debug|Any CPU.Build.0 = Debug|Any CPU
		{A391EC61-DEDB-4E37-B964-FCD7F281FF2E}.Debug|x64.ActiveCfg = Debug|Any CPU
		{A391EC61-DEDB-4E37-B964-FCD7F281FF2E}.Debug|x64.Build.0 = Debug|Any CPU
		{A391EC61-DEDB-4E37-B964-FCD7F281FF2E}.Debug|x86.ActiveCfg = Debug|Any CPU
		{A391EC61-DEDB-4E37-B964-FCD7F281FF2E}.Debug|x86.Build.0 = Debug|Any CPU
		{A391EC61-DEDB-4E37-B964-FCD7F281FF2E}.Release|Any CPU.ActiveCfg = Release|Any CPU
		{A391EC61-DEDB-4E37-B964-FCD7F281FF2E}.Release|Any CPU.Build.0 = Release|Any CPU
		{A391EC61-DEDB-4E37-B964-FCD7F281FF2E}.Release|x64.ActiveCfg = Release|Any CPU
		{A391EC61-DEDB-4E37-B964-FCD7F281FF2E}.Release|x64.Build.0 = Release|Any CPU
		{A391EC61-DEDB-4E37-B964-FCD7F281FF2E}.Release|x86.ActiveCfg = Release|Any CPU
		{A391EC61-DEDB-4E37-B964-FCD7F281FF2E}.Release|x86.Build.0 = Release|Any CPU
		{9F3F9F76-4B8F-4FEB-B86D-A8AB14658B87}.Debug|Any CPU.ActiveCfg = Debug|Any CPU
		{9F3F9F76-4B8F-4FEB-B86D-A8AB14658B87}.Debug|Any CPU.Build.0 = Debug|Any CPU
		{9F3F9F76-4B8F-4FEB-B86D-A8AB14658B87}.Debug|x64.ActiveCfg = Debug|Any CPU
		{9F3F9F76-4B8F-4FEB-B86D-A8AB14658B87}.Debug|x64.Build.0 = Debug|Any CPU
		{9F3F9F76-4B8F-4FEB-B86D-A8AB14658B87}.Debug|x86.ActiveCfg = Debug|Any CPU
		{9F3F9F76-4B8F-4FEB-B86D-A8AB14658B87}.Debug|x86.Build.0 = Debug|Any CPU
		{9F3F9F76-4B8F-4FEB-B86D-A8AB14658B87}.Release|Any CPU.ActiveCfg = Release|Any CPU
		{9F3F9F76-4B8F-4FEB-B86D-A8AB14658B87}.Release|Any CPU.Build.0 = Release|Any CPU
		{9F3F9F76-4B8F-4FEB-B86D-A8AB14658B87}.Release|x64.ActiveCfg = Release|Any CPU
		{9F3F9F76-4B8F-4FEB-B86D-A8AB14658B87}.Release|x64.Build.0 = Release|Any CPU
		{9F3F9F76-4B8F-4FEB-B86D-A8AB14658B87}.Release|x86.ActiveCfg = Release|Any CPU
		{9F3F9F76-4B8F-4FEB-B86D-A8AB14658B87}.Release|x86.Build.0 = Release|Any CPU
		{83C36004-5D21-494D-BB25-10D2CB642FEE}.Debug|Any CPU.ActiveCfg = Debug|Any CPU
		{83C36004-5D21-494D-BB25-10D2CB642FEE}.Debug|Any CPU.Build.0 = Debug|Any CPU
		{83C36004-5D21-494D-BB25-10D2CB642FEE}.Debug|x64.ActiveCfg = Debug|Any CPU
		{83C36004-5D21-494D-BB25-10D2CB642FEE}.Debug|x64.Build.0 = Debug|Any CPU
		{83C36004-5D21-494D-BB25-10D2CB642FEE}.Debug|x86.ActiveCfg = Debug|Any CPU
		{83C36004-5D21-494D-BB25-10D2CB642FEE}.Debug|x86.Build.0 = Debug|Any CPU
		{83C36004-5D21-494D-BB25-10D2CB642FEE}.Release|Any CPU.ActiveCfg = Release|Any CPU
		{83C36004-5D21-494D-BB25-10D2CB642FEE}.Release|Any CPU.Build.0 = Release|Any CPU
		{83C36004-5D21-494D-BB25-10D2CB642FEE}.Release|x64.ActiveCfg = Release|Any CPU
		{83C36004-5D21-494D-BB25-10D2CB642FEE}.Release|x64.Build.0 = Release|Any CPU
		{83C36004-5D21-494D-BB25-10D2CB642FEE}.Release|x86.ActiveCfg = Release|Any CPU
		{83C36004-5D21-494D-BB25-10D2CB642FEE}.Release|x86.Build.0 = Release|Any CPU
	EndGlobalSection
	GlobalSection(SolutionProperties) = preSolution
		HideSolutionNode = FALSE
	EndGlobalSection
	GlobalSection(NestedProjects) = preSolution
		{C2C4AE19-C95A-4CC5-A291-43E13E829ABC} = {10096C2F-3274-4DE2-8BB4-387D67A7C0BE}
		{300FB415-39EA-4E47-AE5E-9D556357FA61} = {10096C2F-3274-4DE2-8BB4-387D67A7C0BE}
		{A391EC61-DEDB-4E37-B964-FCD7F281FF2E} = {10096C2F-3274-4DE2-8BB4-387D67A7C0BE}
		{9F3F9F76-4B8F-4FEB-B86D-A8AB14658B87} = {79F5A117-6927-4681-820D-935F3DB4FA4B}
		{83C36004-5D21-494D-BB25-10D2CB642FEE} = {79F5A117-6927-4681-820D-935F3DB4FA4B}
	EndGlobalSection
	GlobalSection(ExtensibilityGlobals) = postSolution
		SolutionGuid = {7D29A0CB-30AD-4907-B9FB-D17CEF4941D0}
	EndGlobalSection
EndGlobal
