
Microsoft Visual Studio Solution File, Format Version 12.00
# Visual Studio Version 16
VisualStudioVersion = 16.0.30907.101
MinimumVisualStudioVersion = 15.0.26124.0
Project("{9A19103F-16F7-4668-BE54-9A1E7A4F7556}") = "LuvInBox.Domain", "LuvInBox.Domain\LuvInBox.Domain.csproj", "{B96E7D1A-2325-4950-B47A-11F44FEAC78A}"
EndProject
Project("{9A19103F-16F7-4668-BE54-9A1E7A4F7556}") = "LuvInBox.Infra", "LuvInBox.Infra\LuvInBox.Infra.csproj", "{6C945158-65C5-4E84-A80F-6C614A865988}"
EndProject
Project("{9A19103F-16F7-4668-BE54-9A1E7A4F7556}") = "LuvInBox.Data", "LuvInBox.Data\LuvInBox.Data.csproj", "{5B338912-5092-4D95-A8D9-309B7C2B44BE}"
EndProject
Project("{9A19103F-16F7-4668-BE54-9A1E7A4F7556}") = "LuvInBox.Service", "LuvInBox.Service\LuvInBox.Service.csproj", "{AF23564C-BE55-40EE-8148-0A7256929125}"
EndProject
Project("{9A19103F-16F7-4668-BE54-9A1E7A4F7556}") = "LuvInBox.Site", "LuvInBox.Site\LuvInBox.Site.csproj", "{B9383456-96A0-4A10-B5F7-1D6787EA39C3}"
EndProject
Project("{FAE04EC0-301F-11D3-BF4B-00C04F79EFBC}") = "LuvInBox.UnitTestProject", "LuvInBox.UnitTestProject\LuvInBox.UnitTestProject.csproj", "{8D12346F-409F-4F9C-BDBB-7BF11E22C37E}"
EndProject
Global
	GlobalSection(SolutionConfigurationPlatforms) = preSolution
		Debug|Any CPU = Debug|Any CPU
		Debug|x64 = Debug|x64
		Debug|x86 = Debug|x86
		Release|Any CPU = Release|Any CPU
		Release|x64 = Release|x64
		Release|x86 = Release|x86
	EndGlobalSection
	GlobalSection(ProjectConfigurationPlatforms) = postSolution
		{B96E7D1A-2325-4950-B47A-11F44FEAC78A}.Debug|Any CPU.ActiveCfg = Debug|Any CPU
		{B96E7D1A-2325-4950-B47A-11F44FEAC78A}.Debug|Any CPU.Build.0 = Debug|Any CPU
		{B96E7D1A-2325-4950-B47A-11F44FEAC78A}.Debug|x64.ActiveCfg = Debug|Any CPU
		{B96E7D1A-2325-4950-B47A-11F44FEAC78A}.Debug|x64.Build.0 = Debug|Any CPU
		{B96E7D1A-2325-4950-B47A-11F44FEAC78A}.Debug|x86.ActiveCfg = Debug|Any CPU
		{B96E7D1A-2325-4950-B47A-11F44FEAC78A}.Debug|x86.Build.0 = Debug|Any CPU
		{B96E7D1A-2325-4950-B47A-11F44FEAC78A}.Release|Any CPU.ActiveCfg = Release|Any CPU
		{B96E7D1A-2325-4950-B47A-11F44FEAC78A}.Release|Any CPU.Build.0 = Release|Any CPU
		{B96E7D1A-2325-4950-B47A-11F44FEAC78A}.Release|x64.ActiveCfg = Release|Any CPU
		{B96E7D1A-2325-4950-B47A-11F44FEAC78A}.Release|x64.Build.0 = Release|Any CPU
		{B96E7D1A-2325-4950-B47A-11F44FEAC78A}.Release|x86.ActiveCfg = Release|Any CPU
		{B96E7D1A-2325-4950-B47A-11F44FEAC78A}.Release|x86.Build.0 = Release|Any CPU
		{6C945158-65C5-4E84-A80F-6C614A865988}.Debug|Any CPU.ActiveCfg = Debug|Any CPU
		{6C945158-65C5-4E84-A80F-6C614A865988}.Debug|Any CPU.Build.0 = Debug|Any CPU
		{6C945158-65C5-4E84-A80F-6C614A865988}.Debug|x64.ActiveCfg = Debug|Any CPU
		{6C945158-65C5-4E84-A80F-6C614A865988}.Debug|x64.Build.0 = Debug|Any CPU
		{6C945158-65C5-4E84-A80F-6C614A865988}.Debug|x86.ActiveCfg = Debug|Any CPU
		{6C945158-65C5-4E84-A80F-6C614A865988}.Debug|x86.Build.0 = Debug|Any CPU
		{6C945158-65C5-4E84-A80F-6C614A865988}.Release|Any CPU.ActiveCfg = Release|Any CPU
		{6C945158-65C5-4E84-A80F-6C614A865988}.Release|Any CPU.Build.0 = Release|Any CPU
		{6C945158-65C5-4E84-A80F-6C614A865988}.Release|x64.ActiveCfg = Release|Any CPU
		{6C945158-65C5-4E84-A80F-6C614A865988}.Release|x64.Build.0 = Release|Any CPU
		{6C945158-65C5-4E84-A80F-6C614A865988}.Release|x86.ActiveCfg = Release|Any CPU
		{6C945158-65C5-4E84-A80F-6C614A865988}.Release|x86.Build.0 = Release|Any CPU
		{5B338912-5092-4D95-A8D9-309B7C2B44BE}.Debug|Any CPU.ActiveCfg = Debug|Any CPU
		{5B338912-5092-4D95-A8D9-309B7C2B44BE}.Debug|Any CPU.Build.0 = Debug|Any CPU
		{5B338912-5092-4D95-A8D9-309B7C2B44BE}.Debug|x64.ActiveCfg = Debug|Any CPU
		{5B338912-5092-4D95-A8D9-309B7C2B44BE}.Debug|x64.Build.0 = Debug|Any CPU
		{5B338912-5092-4D95-A8D9-309B7C2B44BE}.Debug|x86.ActiveCfg = Debug|Any CPU
		{5B338912-5092-4D95-A8D9-309B7C2B44BE}.Debug|x86.Build.0 = Debug|Any CPU
		{5B338912-5092-4D95-A8D9-309B7C2B44BE}.Release|Any CPU.ActiveCfg = Release|Any CPU
		{5B338912-5092-4D95-A8D9-309B7C2B44BE}.Release|Any CPU.Build.0 = Release|Any CPU
		{5B338912-5092-4D95-A8D9-309B7C2B44BE}.Release|x64.ActiveCfg = Release|Any CPU
		{5B338912-5092-4D95-A8D9-309B7C2B44BE}.Release|x64.Build.0 = Release|Any CPU
		{5B338912-5092-4D95-A8D9-309B7C2B44BE}.Release|x86.ActiveCfg = Release|Any CPU
		{5B338912-5092-4D95-A8D9-309B7C2B44BE}.Release|x86.Build.0 = Release|Any CPU
		{AF23564C-BE55-40EE-8148-0A7256929125}.Debug|Any CPU.ActiveCfg = Debug|Any CPU
		{AF23564C-BE55-40EE-8148-0A7256929125}.Debug|Any CPU.Build.0 = Debug|Any CPU
		{AF23564C-BE55-40EE-8148-0A7256929125}.Debug|x64.ActiveCfg = Debug|Any CPU
		{AF23564C-BE55-40EE-8148-0A7256929125}.Debug|x64.Build.0 = Debug|Any CPU
		{AF23564C-BE55-40EE-8148-0A7256929125}.Debug|x86.ActiveCfg = Debug|Any CPU
		{AF23564C-BE55-40EE-8148-0A7256929125}.Debug|x86.Build.0 = Debug|Any CPU
		{AF23564C-BE55-40EE-8148-0A7256929125}.Release|Any CPU.ActiveCfg = Release|Any CPU
		{AF23564C-BE55-40EE-8148-0A7256929125}.Release|Any CPU.Build.0 = Release|Any CPU
		{AF23564C-BE55-40EE-8148-0A7256929125}.Release|x64.ActiveCfg = Release|Any CPU
		{AF23564C-BE55-40EE-8148-0A7256929125}.Release|x64.Build.0 = Release|Any CPU
		{AF23564C-BE55-40EE-8148-0A7256929125}.Release|x86.ActiveCfg = Release|Any CPU
		{AF23564C-BE55-40EE-8148-0A7256929125}.Release|x86.Build.0 = Release|Any CPU
		{B9383456-96A0-4A10-B5F7-1D6787EA39C3}.Debug|Any CPU.ActiveCfg = Debug|Any CPU
		{B9383456-96A0-4A10-B5F7-1D6787EA39C3}.Debug|Any CPU.Build.0 = Debug|Any CPU
		{B9383456-96A0-4A10-B5F7-1D6787EA39C3}.Debug|x64.ActiveCfg = Debug|Any CPU
		{B9383456-96A0-4A10-B5F7-1D6787EA39C3}.Debug|x64.Build.0 = Debug|Any CPU
		{B9383456-96A0-4A10-B5F7-1D6787EA39C3}.Debug|x86.ActiveCfg = Debug|Any CPU
		{B9383456-96A0-4A10-B5F7-1D6787EA39C3}.Debug|x86.Build.0 = Debug|Any CPU
		{B9383456-96A0-4A10-B5F7-1D6787EA39C3}.Release|Any CPU.ActiveCfg = Release|Any CPU
		{B9383456-96A0-4A10-B5F7-1D6787EA39C3}.Release|Any CPU.Build.0 = Release|Any CPU
		{B9383456-96A0-4A10-B5F7-1D6787EA39C3}.Release|x64.ActiveCfg = Release|Any CPU
		{B9383456-96A0-4A10-B5F7-1D6787EA39C3}.Release|x64.Build.0 = Release|Any CPU
		{B9383456-96A0-4A10-B5F7-1D6787EA39C3}.Release|x86.ActiveCfg = Release|Any CPU
		{B9383456-96A0-4A10-B5F7-1D6787EA39C3}.Release|x86.Build.0 = Release|Any CPU
		{8D12346F-409F-4F9C-BDBB-7BF11E22C37E}.Debug|Any CPU.ActiveCfg = Debug|Any CPU
		{8D12346F-409F-4F9C-BDBB-7BF11E22C37E}.Debug|Any CPU.Build.0 = Debug|Any CPU
		{8D12346F-409F-4F9C-BDBB-7BF11E22C37E}.Debug|x64.ActiveCfg = Debug|Any CPU
		{8D12346F-409F-4F9C-BDBB-7BF11E22C37E}.Debug|x64.Build.0 = Debug|Any CPU
		{8D12346F-409F-4F9C-BDBB-7BF11E22C37E}.Debug|x86.ActiveCfg = Debug|Any CPU
		{8D12346F-409F-4F9C-BDBB-7BF11E22C37E}.Debug|x86.Build.0 = Debug|Any CPU
		{8D12346F-409F-4F9C-BDBB-7BF11E22C37E}.Release|Any CPU.ActiveCfg = Release|Any CPU
		{8D12346F-409F-4F9C-BDBB-7BF11E22C37E}.Release|Any CPU.Build.0 = Release|Any CPU
		{8D12346F-409F-4F9C-BDBB-7BF11E22C37E}.Release|x64.ActiveCfg = Release|Any CPU
		{8D12346F-409F-4F9C-BDBB-7BF11E22C37E}.Release|x64.Build.0 = Release|Any CPU
		{8D12346F-409F-4F9C-BDBB-7BF11E22C37E}.Release|x86.ActiveCfg = Release|Any CPU
		{8D12346F-409F-4F9C-BDBB-7BF11E22C37E}.Release|x86.Build.0 = Release|Any CPU
	EndGlobalSection
	GlobalSection(SolutionProperties) = preSolution
		HideSolutionNode = FALSE
	EndGlobalSection
	GlobalSection(ExtensibilityGlobals) = postSolution
		SolutionGuid = {494F81BD-35FA-47F1-BD43-9DDAE7539CBD}
	EndGlobalSection
EndGlobal
